
Microsoft Visual Studio Solution File, Format Version 12.00
# Visual Studio Version 16
VisualStudioVersion = 16.0.29324.140
MinimumVisualStudioVersion = 10.0.40219.1
Project("{2150E333-8FDC-42A3-9474-1A3956D46DE8}") = "HW", "HW", "{4C15E241-14E9-4FF6-BD12-B9832EB68F0E}"
EndProject
Project("{8BC9CEB8-8B4A-11D0-8D11-00A0C91BC942}") = "HW01", "HW01\HW01.vcxproj", "{507547A1-BE1B-4E5A-AD1D-533C916166BD}"
EndProject
Project("{8BC9CEB8-8B4A-11D0-8D11-00A0C91BC942}") = "HW02", "HW02\HW02.vcxproj", "{CF518E0F-D8EA-494D-AE0F-A3B2631D0A99}"
EndProject
Project("{8BC9CEB8-8B4A-11D0-8D11-00A0C91BC942}") = "HW03", "HW03\HW03.vcxproj", "{5D521CF4-0A00-44EC-8119-12F8B671C1D9}"
EndProject
Project("{8BC9CEB8-8B4A-11D0-8D11-00A0C91BC942}") = "Colors", "Logger\Logger.vcxproj", "{2E4862F9-07E2-431F-9A28-F2F677CC1B9C}"
EndProject
Project("{2150E333-8FDC-42A3-9474-1A3956D46DE8}") = "LIB", "LIB", "{E6D38755-EDBF-4477-8F3A-7EA339EAD2AF}"
EndProject
Project("{8BC9CEB8-8B4A-11D0-8D11-00A0C91BC942}") = "Node", "Node\Node.vcxproj", "{4FE7BE02-F342-4354-88E8-16AD3C35D4E3}"
EndProject
Project("{8BC9CEB8-8B4A-11D0-8D11-00A0C91BC942}") = "Queue", "Queue\Queue.vcxproj", "{F2CA6DDE-299D-485E-9293-08A10658629A}"
EndProject
Project("{8BC9CEB8-8B4A-11D0-8D11-00A0C91BC942}") = "HW04", "HW04\HW04.vcxproj", "{A4B817C9-8998-4840-863E-51509EE6E102}"
EndProject
Global
	GlobalSection(SolutionConfigurationPlatforms) = preSolution
		Debug|Any CPU = Debug|Any CPU
		Debug|x64 = Debug|x64
		Debug|x86 = Debug|x86
		Release|Any CPU = Release|Any CPU
		Release|x64 = Release|x64
		Release|x86 = Release|x86
	EndGlobalSection
	GlobalSection(ProjectConfigurationPlatforms) = postSolution
		{507547A1-BE1B-4E5A-AD1D-533C916166BD}.Debug|Any CPU.ActiveCfg = Debug|Win32
		{507547A1-BE1B-4E5A-AD1D-533C916166BD}.Debug|x64.ActiveCfg = Debug|x64
		{507547A1-BE1B-4E5A-AD1D-533C916166BD}.Debug|x64.Build.0 = Debug|x64
		{507547A1-BE1B-4E5A-AD1D-533C916166BD}.Debug|x86.ActiveCfg = Debug|Win32
		{507547A1-BE1B-4E5A-AD1D-533C916166BD}.Debug|x86.Build.0 = Debug|Win32
		{507547A1-BE1B-4E5A-AD1D-533C916166BD}.Release|Any CPU.ActiveCfg = Release|Win32
		{507547A1-BE1B-4E5A-AD1D-533C916166BD}.Release|x64.ActiveCfg = Release|x64
		{507547A1-BE1B-4E5A-AD1D-533C916166BD}.Release|x64.Build.0 = Release|x64
		{507547A1-BE1B-4E5A-AD1D-533C916166BD}.Release|x86.ActiveCfg = Release|Win32
		{507547A1-BE1B-4E5A-AD1D-533C916166BD}.Release|x86.Build.0 = Release|Win32
		{CF518E0F-D8EA-494D-AE0F-A3B2631D0A99}.Debug|Any CPU.ActiveCfg = Debug|Win32
		{CF518E0F-D8EA-494D-AE0F-A3B2631D0A99}.Debug|x64.ActiveCfg = Debug|x64
		{CF518E0F-D8EA-494D-AE0F-A3B2631D0A99}.Debug|x64.Build.0 = Debug|x64
		{CF518E0F-D8EA-494D-AE0F-A3B2631D0A99}.Debug|x86.ActiveCfg = Debug|Win32
		{CF518E0F-D8EA-494D-AE0F-A3B2631D0A99}.Debug|x86.Build.0 = Debug|Win32
		{CF518E0F-D8EA-494D-AE0F-A3B2631D0A99}.Release|Any CPU.ActiveCfg = Release|Win32
		{CF518E0F-D8EA-494D-AE0F-A3B2631D0A99}.Release|x64.ActiveCfg = Release|x64
		{CF518E0F-D8EA-494D-AE0F-A3B2631D0A99}.Release|x64.Build.0 = Release|x64
		{CF518E0F-D8EA-494D-AE0F-A3B2631D0A99}.Release|x86.ActiveCfg = Release|Win32
		{CF518E0F-D8EA-494D-AE0F-A3B2631D0A99}.Release|x86.Build.0 = Release|Win32
		{5D521CF4-0A00-44EC-8119-12F8B671C1D9}.Debug|Any CPU.ActiveCfg = Debug|Win32
		{5D521CF4-0A00-44EC-8119-12F8B671C1D9}.Debug|x64.ActiveCfg = Debug|x64
		{5D521CF4-0A00-44EC-8119-12F8B671C1D9}.Debug|x64.Build.0 = Debug|x64
		{5D521CF4-0A00-44EC-8119-12F8B671C1D9}.Debug|x86.ActiveCfg = Debug|Win32
		{5D521CF4-0A00-44EC-8119-12F8B671C1D9}.Debug|x86.Build.0 = Debug|Win32
		{5D521CF4-0A00-44EC-8119-12F8B671C1D9}.Release|Any CPU.ActiveCfg = Release|Win32
		{5D521CF4-0A00-44EC-8119-12F8B671C1D9}.Release|x64.ActiveCfg = Release|x64
		{5D521CF4-0A00-44EC-8119-12F8B671C1D9}.Release|x64.Build.0 = Release|x64
		{5D521CF4-0A00-44EC-8119-12F8B671C1D9}.Release|x86.ActiveCfg = Release|Win32
		{5D521CF4-0A00-44EC-8119-12F8B671C1D9}.Release|x86.Build.0 = Release|Win32
		{2E4862F9-07E2-431F-9A28-F2F677CC1B9C}.Debug|Any CPU.ActiveCfg = Debug|Win32
		{2E4862F9-07E2-431F-9A28-F2F677CC1B9C}.Debug|x64.ActiveCfg = Debug|x64
		{2E4862F9-07E2-431F-9A28-F2F677CC1B9C}.Debug|x64.Build.0 = Debug|x64
		{2E4862F9-07E2-431F-9A28-F2F677CC1B9C}.Debug|x86.ActiveCfg = Debug|Win32
		{2E4862F9-07E2-431F-9A28-F2F677CC1B9C}.Debug|x86.Build.0 = Debug|Win32
		{2E4862F9-07E2-431F-9A28-F2F677CC1B9C}.Release|Any CPU.ActiveCfg = Release|Win32
		{2E4862F9-07E2-431F-9A28-F2F677CC1B9C}.Release|x64.ActiveCfg = Release|x64
		{2E4862F9-07E2-431F-9A28-F2F677CC1B9C}.Release|x64.Build.0 = Release|x64
		{2E4862F9-07E2-431F-9A28-F2F677CC1B9C}.Release|x86.ActiveCfg = Release|Win32
		{2E4862F9-07E2-431F-9A28-F2F677CC1B9C}.Release|x86.Build.0 = Release|Win32
		{4FE7BE02-F342-4354-88E8-16AD3C35D4E3}.Debug|Any CPU.ActiveCfg = Debug|Win32
		{4FE7BE02-F342-4354-88E8-16AD3C35D4E3}.Debug|x64.ActiveCfg = Debug|x64
		{4FE7BE02-F342-4354-88E8-16AD3C35D4E3}.Debug|x64.Build.0 = Debug|x64
		{4FE7BE02-F342-4354-88E8-16AD3C35D4E3}.Debug|x86.ActiveCfg = Debug|Win32
		{4FE7BE02-F342-4354-88E8-16AD3C35D4E3}.Debug|x86.Build.0 = Debug|Win32
		{4FE7BE02-F342-4354-88E8-16AD3C35D4E3}.Release|Any CPU.ActiveCfg = Release|Win32
		{4FE7BE02-F342-4354-88E8-16AD3C35D4E3}.Release|x64.ActiveCfg = Release|x64
		{4FE7BE02-F342-4354-88E8-16AD3C35D4E3}.Release|x64.Build.0 = Release|x64
		{4FE7BE02-F342-4354-88E8-16AD3C35D4E3}.Release|x86.ActiveCfg = Release|Win32
		{4FE7BE02-F342-4354-88E8-16AD3C35D4E3}.Release|x86.Build.0 = Release|Win32
		{F2CA6DDE-299D-485E-9293-08A10658629A}.Debug|Any CPU.ActiveCfg = Debug|Win32
		{F2CA6DDE-299D-485E-9293-08A10658629A}.Debug|x64.ActiveCfg = Debug|x64
		{F2CA6DDE-299D-485E-9293-08A10658629A}.Debug|x64.Build.0 = Debug|x64
		{F2CA6DDE-299D-485E-9293-08A10658629A}.Debug|x86.ActiveCfg = Debug|Win32
		{F2CA6DDE-299D-485E-9293-08A10658629A}.Debug|x86.Build.0 = Debug|Win32
		{F2CA6DDE-299D-485E-9293-08A10658629A}.Release|Any CPU.ActiveCfg = Release|Win32
		{F2CA6DDE-299D-485E-9293-08A10658629A}.Release|x64.ActiveCfg = Release|x64
		{F2CA6DDE-299D-485E-9293-08A10658629A}.Release|x64.Build.0 = Release|x64
		{F2CA6DDE-299D-485E-9293-08A10658629A}.Release|x86.ActiveCfg = Release|Win32
		{F2CA6DDE-299D-485E-9293-08A10658629A}.Release|x86.Build.0 = Release|Win32
		{A4B817C9-8998-4840-863E-51509EE6E102}.Debug|Any CPU.ActiveCfg = Debug|Win32
		{A4B817C9-8998-4840-863E-51509EE6E102}.Debug|x64.ActiveCfg = Debug|x64
		{A4B817C9-8998-4840-863E-51509EE6E102}.Debug|x64.Build.0 = Debug|x64
		{A4B817C9-8998-4840-863E-51509EE6E102}.Debug|x86.ActiveCfg = Debug|Win32
		{A4B817C9-8998-4840-863E-51509EE6E102}.Debug|x86.Build.0 = Debug|Win32
		{A4B817C9-8998-4840-863E-51509EE6E102}.Release|Any CPU.ActiveCfg = Release|Win32
		{A4B817C9-8998-4840-863E-51509EE6E102}.Release|x64.ActiveCfg = Release|x64
		{A4B817C9-8998-4840-863E-51509EE6E102}.Release|x64.Build.0 = Release|x64
		{A4B817C9-8998-4840-863E-51509EE6E102}.Release|x86.ActiveCfg = Release|Win32
		{A4B817C9-8998-4840-863E-51509EE6E102}.Release|x86.Build.0 = Release|Win32
	EndGlobalSection
	GlobalSection(SolutionProperties) = preSolution
		HideSolutionNode = FALSE
	EndGlobalSection
	GlobalSection(NestedProjects) = preSolution
		{507547A1-BE1B-4E5A-AD1D-533C916166BD} = {4C15E241-14E9-4FF6-BD12-B9832EB68F0E}
		{CF518E0F-D8EA-494D-AE0F-A3B2631D0A99} = {4C15E241-14E9-4FF6-BD12-B9832EB68F0E}
		{5D521CF4-0A00-44EC-8119-12F8B671C1D9} = {4C15E241-14E9-4FF6-BD12-B9832EB68F0E}
		{2E4862F9-07E2-431F-9A28-F2F677CC1B9C} = {E6D38755-EDBF-4477-8F3A-7EA339EAD2AF}
		{4FE7BE02-F342-4354-88E8-16AD3C35D4E3} = {E6D38755-EDBF-4477-8F3A-7EA339EAD2AF}
		{F2CA6DDE-299D-485E-9293-08A10658629A} = {E6D38755-EDBF-4477-8F3A-7EA339EAD2AF}
		{A4B817C9-8998-4840-863E-51509EE6E102} = {4C15E241-14E9-4FF6-BD12-B9832EB68F0E}
	EndGlobalSection
	GlobalSection(ExtensibilityGlobals) = postSolution
		SolutionGuid = {EFBD02B8-FDE0-48AD-A1CD-18ED6B0F62E0}
	EndGlobalSection
EndGlobal
