
Microsoft Visual Studio Solution File, Format Version 12.00
# Visual Studio Version 16
VisualStudioVersion = 16.0.29324.140
MinimumVisualStudioVersion = 10.0.40219.1
Project("{2150E333-8FDC-42A3-9474-1A3956D46DE8}") = "HW", "HW", "{4C15E241-14E9-4FF6-BD12-B9832EB68F0E}"
EndProject
Project("{FAE04EC0-301F-11D3-BF4B-00C04F79EFBC}") = "NetConsole", "Console\NetConsole.csproj", "{0FCAFF1E-E6AD-4BDC-A15C-A7054A9207C7}"
EndProject
Project("{2150E333-8FDC-42A3-9474-1A3956D46DE8}") = "DEBUG", "DEBUG", "{E6064584-F3D1-4308-A5C4-353E68F63E04}"
EndProject
Project("{FAE04EC0-301F-11D3-BF4B-00C04F79EFBC}") = "NetworkSender", "NetworkSender\NetworkSender.csproj", "{799535F2-CD5C-48A6-B91B-A875B94F173C}"
EndProject
Project("{8BC9CEB8-8B4A-11D0-8D11-00A0C91BC942}") = "HW01", "HW01\HW01.vcxproj", "{507547A1-BE1B-4E5A-AD1D-533C916166BD}"
EndProject
Project("{8BC9CEB8-8B4A-11D0-8D11-00A0C91BC942}") = "HW02", "HW02\HW02.vcxproj", "{CF518E0F-D8EA-494D-AE0F-A3B2631D0A99}"
EndProject
Global
	GlobalSection(SolutionConfigurationPlatforms) = preSolution
		Debug|Any CPU = Debug|Any CPU
		Debug|x64 = Debug|x64
		Debug|x86 = Debug|x86
		Release|Any CPU = Release|Any CPU
		Release|x64 = Release|x64
		Release|x86 = Release|x86
	EndGlobalSection
	GlobalSection(ProjectConfigurationPlatforms) = postSolution
		{0FCAFF1E-E6AD-4BDC-A15C-A7054A9207C7}.Debug|Any CPU.ActiveCfg = Debug|Any CPU
		{0FCAFF1E-E6AD-4BDC-A15C-A7054A9207C7}.Debug|Any CPU.Build.0 = Debug|Any CPU
		{0FCAFF1E-E6AD-4BDC-A15C-A7054A9207C7}.Debug|x64.ActiveCfg = Debug|Any CPU
		{0FCAFF1E-E6AD-4BDC-A15C-A7054A9207C7}.Debug|x64.Build.0 = Debug|Any CPU
		{0FCAFF1E-E6AD-4BDC-A15C-A7054A9207C7}.Debug|x86.ActiveCfg = Debug|Any CPU
		{0FCAFF1E-E6AD-4BDC-A15C-A7054A9207C7}.Debug|x86.Build.0 = Debug|Any CPU
		{0FCAFF1E-E6AD-4BDC-A15C-A7054A9207C7}.Release|Any CPU.ActiveCfg = Release|Any CPU
		{0FCAFF1E-E6AD-4BDC-A15C-A7054A9207C7}.Release|Any CPU.Build.0 = Release|Any CPU
		{0FCAFF1E-E6AD-4BDC-A15C-A7054A9207C7}.Release|x64.ActiveCfg = Release|Any CPU
		{0FCAFF1E-E6AD-4BDC-A15C-A7054A9207C7}.Release|x64.Build.0 = Release|Any CPU
		{0FCAFF1E-E6AD-4BDC-A15C-A7054A9207C7}.Release|x86.ActiveCfg = Release|Any CPU
		{0FCAFF1E-E6AD-4BDC-A15C-A7054A9207C7}.Release|x86.Build.0 = Release|Any CPU
		{799535F2-CD5C-48A6-B91B-A875B94F173C}.Debug|Any CPU.ActiveCfg = Debug|Any CPU
		{799535F2-CD5C-48A6-B91B-A875B94F173C}.Debug|Any CPU.Build.0 = Debug|Any CPU
		{799535F2-CD5C-48A6-B91B-A875B94F173C}.Debug|x64.ActiveCfg = Debug|Any CPU
		{799535F2-CD5C-48A6-B91B-A875B94F173C}.Debug|x64.Build.0 = Debug|Any CPU
		{799535F2-CD5C-48A6-B91B-A875B94F173C}.Debug|x86.ActiveCfg = Debug|Any CPU
		{799535F2-CD5C-48A6-B91B-A875B94F173C}.Debug|x86.Build.0 = Debug|Any CPU
		{799535F2-CD5C-48A6-B91B-A875B94F173C}.Release|Any CPU.ActiveCfg = Release|Any CPU
		{799535F2-CD5C-48A6-B91B-A875B94F173C}.Release|Any CPU.Build.0 = Release|Any CPU
		{799535F2-CD5C-48A6-B91B-A875B94F173C}.Release|x64.ActiveCfg = Release|Any CPU
		{799535F2-CD5C-48A6-B91B-A875B94F173C}.Release|x64.Build.0 = Release|Any CPU
		{799535F2-CD5C-48A6-B91B-A875B94F173C}.Release|x86.ActiveCfg = Release|Any CPU
		{799535F2-CD5C-48A6-B91B-A875B94F173C}.Release|x86.Build.0 = Release|Any CPU
		{507547A1-BE1B-4E5A-AD1D-533C916166BD}.Debug|Any CPU.ActiveCfg = Debug|Win32
		{507547A1-BE1B-4E5A-AD1D-533C916166BD}.Debug|x64.ActiveCfg = Debug|x64
		{507547A1-BE1B-4E5A-AD1D-533C916166BD}.Debug|x64.Build.0 = Debug|x64
		{507547A1-BE1B-4E5A-AD1D-533C916166BD}.Debug|x86.ActiveCfg = Debug|Win32
		{507547A1-BE1B-4E5A-AD1D-533C916166BD}.Debug|x86.Build.0 = Debug|Win32
		{507547A1-BE1B-4E5A-AD1D-533C916166BD}.Release|Any CPU.ActiveCfg = Release|Win32
		{507547A1-BE1B-4E5A-AD1D-533C916166BD}.Release|x64.ActiveCfg = Release|x64
		{507547A1-BE1B-4E5A-AD1D-533C916166BD}.Release|x64.Build.0 = Release|x64
		{507547A1-BE1B-4E5A-AD1D-533C916166BD}.Release|x86.ActiveCfg = Release|Win32
		{507547A1-BE1B-4E5A-AD1D-533C916166BD}.Release|x86.Build.0 = Release|Win32
		{CF518E0F-D8EA-494D-AE0F-A3B2631D0A99}.Debug|Any CPU.ActiveCfg = Debug|Win32
		{CF518E0F-D8EA-494D-AE0F-A3B2631D0A99}.Debug|x64.ActiveCfg = Debug|x64
		{CF518E0F-D8EA-494D-AE0F-A3B2631D0A99}.Debug|x64.Build.0 = Debug|x64
		{CF518E0F-D8EA-494D-AE0F-A3B2631D0A99}.Debug|x86.ActiveCfg = Debug|Win32
		{CF518E0F-D8EA-494D-AE0F-A3B2631D0A99}.Debug|x86.Build.0 = Debug|Win32
		{CF518E0F-D8EA-494D-AE0F-A3B2631D0A99}.Release|Any CPU.ActiveCfg = Release|Win32
		{CF518E0F-D8EA-494D-AE0F-A3B2631D0A99}.Release|x64.ActiveCfg = Release|x64
		{CF518E0F-D8EA-494D-AE0F-A3B2631D0A99}.Release|x64.Build.0 = Release|x64
		{CF518E0F-D8EA-494D-AE0F-A3B2631D0A99}.Release|x86.ActiveCfg = Release|Win32
		{CF518E0F-D8EA-494D-AE0F-A3B2631D0A99}.Release|x86.Build.0 = Release|Win32
	EndGlobalSection
	GlobalSection(SolutionProperties) = preSolution
		HideSolutionNode = FALSE
	EndGlobalSection
	GlobalSection(NestedProjects) = preSolution
		{0FCAFF1E-E6AD-4BDC-A15C-A7054A9207C7} = {E6064584-F3D1-4308-A5C4-353E68F63E04}
		{799535F2-CD5C-48A6-B91B-A875B94F173C} = {E6064584-F3D1-4308-A5C4-353E68F63E04}
		{507547A1-BE1B-4E5A-AD1D-533C916166BD} = {4C15E241-14E9-4FF6-BD12-B9832EB68F0E}
		{CF518E0F-D8EA-494D-AE0F-A3B2631D0A99} = {4C15E241-14E9-4FF6-BD12-B9832EB68F0E}
	EndGlobalSection
	GlobalSection(ExtensibilityGlobals) = postSolution
		SolutionGuid = {EFBD02B8-FDE0-48AD-A1CD-18ED6B0F62E0}
	EndGlobalSection
EndGlobal
