<?xml version="1.0" encoding="utf-8"?>
<Project ToolsVersion="4.0" xmlns="http://schemas.microsoft.com/developer/msbuild/2003">
  <ItemGroup>
    <Filter Include="Source Files">
      <UniqueIdentifier>{4FC737F1-C7A5-4376-A066-2A32D752A2FF}</UniqueIdentifier>
      <Extensions>cpp;c;cc;cxx;def;odl;idl;hpj;bat;asm;asmx</Extensions>
    </Filter>
    <Filter Include="Header Files">
      <UniqueIdentifier>{93995380-89BD-4b04-88EB-625FBE52EBFB}</UniqueIdentifier>
      <Extensions>h;hh;hpp;hxx;hm;inl;inc;ipp;xsd</Extensions>
    </Filter>
    <Filter Include="Resource Files">
      <UniqueIdentifier>{67DA6AB6-F800-4c08-8B7A-83BB121AAD01}</UniqueIdentifier>
      <Extensions>rc;ico;cur;bmp;dlg;rc2;rct;bin;rgs;gif;jpg;jpeg;jpe;resx;tiff;tif;png;wav;mfcribbon-ms</Extensions>
    </Filter>
    <Filter Include="Build">
      <UniqueIdentifier>{41dbef31-2379-4af4-bb4b-7798f5a8a6c1}</UniqueIdentifier>
    </Filter>
  </ItemGroup>
  <ItemGroup>
    <Text Include="Makefile">
      <Filter>Build</Filter>
    </Text>
  </ItemGroup>
  <ItemGroup>
    <None Include="datapub\pub01.in">
      <Filter>Resource Files</Filter>
    </None>
    <None Include="datapub\pub01.out">
      <Filter>Resource Files</Filter>
    </None>
    <None Include="datapub\pub02.in">
      <Filter>Resource Files</Filter>
    </None>
    <None Include="datapub\pub02.out">
      <Filter>Resource Files</Filter>
    </None>
    <None Include="datapub\pub03.in">
      <Filter>Resource Files</Filter>
    </None>
    <None Include="datapub\pub03.out">
      <Filter>Resource Files</Filter>
    </None>
    <None Include="datapub\pub04.in">
      <Filter>Resource Files</Filter>
    </None>
    <None Include="datapub\pub04.out">
      <Filter>Resource Files</Filter>
    </None>
    <None Include="datapub\pub05.in">
      <Filter>Resource Files</Filter>
    </None>
    <None Include="datapub\pub05.out">
      <Filter>Resource Files</Filter>
    </None>
    <None Include="datapub\pub06.in">
      <Filter>Resource Files</Filter>
    </None>
    <None Include="datapub\pub06.out">
      <Filter>Resource Files</Filter>
    </None>
    <None Include="datapub\pub07.in">
      <Filter>Resource Files</Filter>
    </None>
    <None Include="datapub\pub07.out">
      <Filter>Resource Files</Filter>
    </None>
    <None Include="datapub\pub08.in">
      <Filter>Resource Files</Filter>
    </None>
    <None Include="datapub\pub08.out">
      <Filter>Resource Files</Filter>
    </None>
    <None Include="datapub\pub09.in">
      <Filter>Resource Files</Filter>
    </None>
    <None Include="datapub\pub09.out">
      <Filter>Resource Files</Filter>
    </None>
    <None Include="datapub\pub10.in">
      <Filter>Resource Files</Filter>
    </None>
    <None Include="datapub\pub10.out">
      <Filter>Resource Files</Filter>
    </None>
    <None Include="test.sh">
      <Filter>Build</Filter>
    </None>
  </ItemGroup>
  <ItemGroup>
    <ClInclude Include="plane.h">
      <Filter>Header Files</Filter>
    </ClInclude>
    <ClInclude Include="simple_bool.h">
      <Filter>Header Files</Filter>
    </ClInclude>
    <ClInclude Include="node.h">
      <Filter>Header Files</Filter>
    </ClInclude>
    <ClInclude Include="config.h">
      <Filter>Header Files</Filter>
    </ClInclude>
  </ItemGroup>
  <ItemGroup>
    <ClCompile Include="hw03.c">
      <Filter>Source Files</Filter>
    </ClCompile>
    <ClCompile Include="node.c">
      <Filter>Source Files</Filter>
    </ClCompile>
  </ItemGroup>
</Project>